
Microsoft Visual Studio Solution File, Format Version 12.00
Project("{FAE04EC0-301F-11D3-BF4B-00C04F79EFBC}") = "TrainingTools", "TrainingTools\TrainingTools.csproj", "{EAD3D988-9170-4C78-8524-594610B23B63}"
EndProject
Project("{2150E333-8FDC-42A3-9474-1A3956D46DE8}") = "src", "src", "{90403DB0-2FF5-42F2-B891-49FC294A0874}"
EndProject
Project("{2150E333-8FDC-42A3-9474-1A3956D46DE8}") = "tests", "tests", "{37FDFAE9-AD6D-44DA-9176-33D14FAFCC1B}"
EndProject
Project("{FAE04EC0-301F-11D3-BF4B-00C04F79EFBC}") = "Domain", "Domain\Domain.csproj", "{801772B4-C55D-4139-9DE3-BEC5D34E9650}"
EndProject
Project("{FAE04EC0-301F-11D3-BF4B-00C04F79EFBC}") = "Application", "Application\Application.csproj", "{568AA24A-3BD7-4F1D-9BD0-9A23B1B15DD5}"
EndProject
Project("{FAE04EC0-301F-11D3-BF4B-00C04F79EFBC}") = "Infrastructure", "Infrastructure\Infrastructure.csproj", "{4B8CBAD3-9C00-4D06-9332-A7B62F77FA29}"
EndProject
Project("{FAE04EC0-301F-11D3-BF4B-00C04F79EFBC}") = "WebUI", "WebUI\WebUI.csproj", "{BC6779A6-FDB1-4EAA-848B-7E51DEB5D1A4}"
EndProject
Global
	GlobalSection(SolutionConfigurationPlatforms) = preSolution
		Debug|Any CPU = Debug|Any CPU
		Release|Any CPU = Release|Any CPU
	EndGlobalSection
	GlobalSection(ProjectConfigurationPlatforms) = postSolution
		{EAD3D988-9170-4C78-8524-594610B23B63}.Debug|Any CPU.ActiveCfg = Debug|Any CPU
		{EAD3D988-9170-4C78-8524-594610B23B63}.Debug|Any CPU.Build.0 = Debug|Any CPU
		{EAD3D988-9170-4C78-8524-594610B23B63}.Release|Any CPU.ActiveCfg = Release|Any CPU
		{EAD3D988-9170-4C78-8524-594610B23B63}.Release|Any CPU.Build.0 = Release|Any CPU
		{801772B4-C55D-4139-9DE3-BEC5D34E9650}.Debug|Any CPU.ActiveCfg = Debug|Any CPU
		{801772B4-C55D-4139-9DE3-BEC5D34E9650}.Debug|Any CPU.Build.0 = Debug|Any CPU
		{801772B4-C55D-4139-9DE3-BEC5D34E9650}.Release|Any CPU.ActiveCfg = Release|Any CPU
		{801772B4-C55D-4139-9DE3-BEC5D34E9650}.Release|Any CPU.Build.0 = Release|Any CPU
		{568AA24A-3BD7-4F1D-9BD0-9A23B1B15DD5}.Debug|Any CPU.ActiveCfg = Debug|Any CPU
		{568AA24A-3BD7-4F1D-9BD0-9A23B1B15DD5}.Debug|Any CPU.Build.0 = Debug|Any CPU
		{568AA24A-3BD7-4F1D-9BD0-9A23B1B15DD5}.Release|Any CPU.ActiveCfg = Release|Any CPU
		{568AA24A-3BD7-4F1D-9BD0-9A23B1B15DD5}.Release|Any CPU.Build.0 = Release|Any CPU
		{4B8CBAD3-9C00-4D06-9332-A7B62F77FA29}.Debug|Any CPU.ActiveCfg = Debug|Any CPU
		{4B8CBAD3-9C00-4D06-9332-A7B62F77FA29}.Debug|Any CPU.Build.0 = Debug|Any CPU
		{4B8CBAD3-9C00-4D06-9332-A7B62F77FA29}.Release|Any CPU.ActiveCfg = Release|Any CPU
		{4B8CBAD3-9C00-4D06-9332-A7B62F77FA29}.Release|Any CPU.Build.0 = Release|Any CPU
		{BC6779A6-FDB1-4EAA-848B-7E51DEB5D1A4}.Debug|Any CPU.ActiveCfg = Debug|Any CPU
		{BC6779A6-FDB1-4EAA-848B-7E51DEB5D1A4}.Debug|Any CPU.Build.0 = Debug|Any CPU
		{BC6779A6-FDB1-4EAA-848B-7E51DEB5D1A4}.Release|Any CPU.ActiveCfg = Release|Any CPU
		{BC6779A6-FDB1-4EAA-848B-7E51DEB5D1A4}.Release|Any CPU.Build.0 = Release|Any CPU
	EndGlobalSection
	GlobalSection(NestedProjects) = preSolution
		{801772B4-C55D-4139-9DE3-BEC5D34E9650} = {90403DB0-2FF5-42F2-B891-49FC294A0874}
		{568AA24A-3BD7-4F1D-9BD0-9A23B1B15DD5} = {90403DB0-2FF5-42F2-B891-49FC294A0874}
		{4B8CBAD3-9C00-4D06-9332-A7B62F77FA29} = {90403DB0-2FF5-42F2-B891-49FC294A0874}
		{BC6779A6-FDB1-4EAA-848B-7E51DEB5D1A4} = {90403DB0-2FF5-42F2-B891-49FC294A0874}
	EndGlobalSection
EndGlobal
