
Microsoft Visual Studio Solution File, Format Version 12.00
Project("{2150E333-8FDC-42A3-9474-1A3956D46DE8}") = "src", "src", "{90403DB0-2FF5-42F2-B891-49FC294A0874}"
EndProject
Project("{2150E333-8FDC-42A3-9474-1A3956D46DE8}") = "tests", "tests", "{37FDFAE9-AD6D-44DA-9176-33D14FAFCC1B}"
EndProject
Project("{FAE04EC0-301F-11D3-BF4B-00C04F79EFBC}") = "Domain", "src\Domain\Domain.csproj", "{801772B4-C55D-4139-9DE3-BEC5D34E9650}"
EndProject
Project("{FAE04EC0-301F-11D3-BF4B-00C04F79EFBC}") = "Application", "src\Application\Application.csproj", "{568AA24A-3BD7-4F1D-9BD0-9A23B1B15DD5}"
EndProject
Project("{FAE04EC0-301F-11D3-BF4B-00C04F79EFBC}") = "Infrastructure", "src\Infrastructure\Infrastructure.csproj", "{4B8CBAD3-9C00-4D06-9332-A7B62F77FA29}"
EndProject
Project("{FAE04EC0-301F-11D3-BF4B-00C04F79EFBC}") = "WebUI", "src\WebUI\WebUI.csproj", "{BC6779A6-FDB1-4EAA-848B-7E51DEB5D1A4}"
EndProject
Project("{FAE04EC0-301F-11D3-BF4B-00C04F79EFBC}") = "ApplicationTests", "tests\ApplicationTests\ApplicationTests.csproj", "{D19855E3-129B-4D90-A3FC-D400B19AF5BC}"
EndProject
Project("{FAE04EC0-301F-11D3-BF4B-00C04F79EFBC}") = "DomainTests", "tests\DomainTests\DomainTests.csproj", "{B245DCDD-18E0-4291-A469-F5C7C162FE86}"
EndProject
Project("{FAE04EC0-301F-11D3-BF4B-00C04F79EFBC}") = "InfrastructureTests", "tests\InfrastructureTests\InfrastructureTests.csproj", "{89B8520D-DA02-40EF-BACE-8E625B88F76A}"
EndProject
Project("{FAE04EC0-301F-11D3-BF4B-00C04F79EFBC}") = "WebUITests", "tests\WebUITests\WebUITests.csproj", "{A926303F-8725-46A1-B129-D6638EF9BF4C}"
EndProject
Project("{2150E333-8FDC-42A3-9474-1A3956D46DE8}") = "Solution Items", "Solution Items", "{0BEA8A01-0F41-4F94-9BA0-18B455CB8205}"
	ProjectSection(SolutionItems) = preProject
		docker-compose.yml = docker-compose.yml
	EndProjectSection
EndProject
Global
	GlobalSection(SolutionConfigurationPlatforms) = preSolution
		Debug|Any CPU = Debug|Any CPU
		Release|Any CPU = Release|Any CPU
	EndGlobalSection
	GlobalSection(ProjectConfigurationPlatforms) = postSolution
		{801772B4-C55D-4139-9DE3-BEC5D34E9650}.Debug|Any CPU.ActiveCfg = Debug|Any CPU
		{801772B4-C55D-4139-9DE3-BEC5D34E9650}.Debug|Any CPU.Build.0 = Debug|Any CPU
		{801772B4-C55D-4139-9DE3-BEC5D34E9650}.Release|Any CPU.ActiveCfg = Release|Any CPU
		{801772B4-C55D-4139-9DE3-BEC5D34E9650}.Release|Any CPU.Build.0 = Release|Any CPU
		{568AA24A-3BD7-4F1D-9BD0-9A23B1B15DD5}.Debug|Any CPU.ActiveCfg = Debug|Any CPU
		{568AA24A-3BD7-4F1D-9BD0-9A23B1B15DD5}.Debug|Any CPU.Build.0 = Debug|Any CPU
		{568AA24A-3BD7-4F1D-9BD0-9A23B1B15DD5}.Release|Any CPU.ActiveCfg = Release|Any CPU
		{568AA24A-3BD7-4F1D-9BD0-9A23B1B15DD5}.Release|Any CPU.Build.0 = Release|Any CPU
		{4B8CBAD3-9C00-4D06-9332-A7B62F77FA29}.Debug|Any CPU.ActiveCfg = Debug|Any CPU
		{4B8CBAD3-9C00-4D06-9332-A7B62F77FA29}.Debug|Any CPU.Build.0 = Debug|Any CPU
		{4B8CBAD3-9C00-4D06-9332-A7B62F77FA29}.Release|Any CPU.ActiveCfg = Release|Any CPU
		{4B8CBAD3-9C00-4D06-9332-A7B62F77FA29}.Release|Any CPU.Build.0 = Release|Any CPU
		{BC6779A6-FDB1-4EAA-848B-7E51DEB5D1A4}.Debug|Any CPU.ActiveCfg = Debug|Any CPU
		{BC6779A6-FDB1-4EAA-848B-7E51DEB5D1A4}.Debug|Any CPU.Build.0 = Debug|Any CPU
		{BC6779A6-FDB1-4EAA-848B-7E51DEB5D1A4}.Release|Any CPU.ActiveCfg = Release|Any CPU
		{BC6779A6-FDB1-4EAA-848B-7E51DEB5D1A4}.Release|Any CPU.Build.0 = Release|Any CPU
		{D19855E3-129B-4D90-A3FC-D400B19AF5BC}.Debug|Any CPU.ActiveCfg = Debug|Any CPU
		{D19855E3-129B-4D90-A3FC-D400B19AF5BC}.Debug|Any CPU.Build.0 = Debug|Any CPU
		{D19855E3-129B-4D90-A3FC-D400B19AF5BC}.Release|Any CPU.ActiveCfg = Release|Any CPU
		{D19855E3-129B-4D90-A3FC-D400B19AF5BC}.Release|Any CPU.Build.0 = Release|Any CPU
		{B245DCDD-18E0-4291-A469-F5C7C162FE86}.Debug|Any CPU.ActiveCfg = Debug|Any CPU
		{B245DCDD-18E0-4291-A469-F5C7C162FE86}.Debug|Any CPU.Build.0 = Debug|Any CPU
		{B245DCDD-18E0-4291-A469-F5C7C162FE86}.Release|Any CPU.ActiveCfg = Release|Any CPU
		{B245DCDD-18E0-4291-A469-F5C7C162FE86}.Release|Any CPU.Build.0 = Release|Any CPU
		{89B8520D-DA02-40EF-BACE-8E625B88F76A}.Debug|Any CPU.ActiveCfg = Debug|Any CPU
		{89B8520D-DA02-40EF-BACE-8E625B88F76A}.Debug|Any CPU.Build.0 = Debug|Any CPU
		{89B8520D-DA02-40EF-BACE-8E625B88F76A}.Release|Any CPU.ActiveCfg = Release|Any CPU
		{89B8520D-DA02-40EF-BACE-8E625B88F76A}.Release|Any CPU.Build.0 = Release|Any CPU
		{A926303F-8725-46A1-B129-D6638EF9BF4C}.Debug|Any CPU.ActiveCfg = Debug|Any CPU
		{A926303F-8725-46A1-B129-D6638EF9BF4C}.Debug|Any CPU.Build.0 = Debug|Any CPU
		{A926303F-8725-46A1-B129-D6638EF9BF4C}.Release|Any CPU.ActiveCfg = Release|Any CPU
		{A926303F-8725-46A1-B129-D6638EF9BF4C}.Release|Any CPU.Build.0 = Release|Any CPU
	EndGlobalSection
	GlobalSection(NestedProjects) = preSolution
		{801772B4-C55D-4139-9DE3-BEC5D34E9650} = {90403DB0-2FF5-42F2-B891-49FC294A0874}
		{568AA24A-3BD7-4F1D-9BD0-9A23B1B15DD5} = {90403DB0-2FF5-42F2-B891-49FC294A0874}
		{4B8CBAD3-9C00-4D06-9332-A7B62F77FA29} = {90403DB0-2FF5-42F2-B891-49FC294A0874}
		{BC6779A6-FDB1-4EAA-848B-7E51DEB5D1A4} = {90403DB0-2FF5-42F2-B891-49FC294A0874}
		{D19855E3-129B-4D90-A3FC-D400B19AF5BC} = {37FDFAE9-AD6D-44DA-9176-33D14FAFCC1B}
		{B245DCDD-18E0-4291-A469-F5C7C162FE86} = {37FDFAE9-AD6D-44DA-9176-33D14FAFCC1B}
		{89B8520D-DA02-40EF-BACE-8E625B88F76A} = {37FDFAE9-AD6D-44DA-9176-33D14FAFCC1B}
		{A926303F-8725-46A1-B129-D6638EF9BF4C} = {37FDFAE9-AD6D-44DA-9176-33D14FAFCC1B}
	EndGlobalSection
EndGlobal
